
Microsoft Visual Studio Solution File, Format Version 12.00
# Visual Studio Version 17
VisualStudioVersion = 17.6.33723.286
MinimumVisualStudioVersion = 10.0.40219.1
Project("{FAE04EC0-301F-11D3-BF4B-00C04F79EFBC}") = "cSharp-HashSet", "cSharp-HashSet.csproj", "{396A7713-8865-47FA-BB3D-F91369274FA3}"
EndProject
Global
	GlobalSection(SolutionConfigurationPlatforms) = preSolution
		Debug|Any CPU = Debug|Any CPU
		Release|Any CPU = Release|Any CPU
	EndGlobalSection
	GlobalSection(ProjectConfigurationPlatforms) = postSolution
		{396A7713-8865-47FA-BB3D-F91369274FA3}.Debug|Any CPU.ActiveCfg = Debug|Any CPU
		{396A7713-8865-47FA-BB3D-F91369274FA3}.Debug|Any CPU.Build.0 = Debug|Any CPU
		{396A7713-8865-47FA-BB3D-F91369274FA3}.Release|Any CPU.ActiveCfg = Release|Any CPU
		{396A7713-8865-47FA-BB3D-F91369274FA3}.Release|Any CPU.Build.0 = Release|Any CPU
	EndGlobalSection
	GlobalSection(SolutionProperties) = preSolution
		HideSolutionNode = FALSE
	EndGlobalSection
	GlobalSection(ExtensibilityGlobals) = postSolution
		SolutionGuid = {91B20A02-3021-449E-8634-FF232C31C263}
	EndGlobalSection
EndGlobal
